
Microsoft Visual Studio Solution File, Format Version 12.00
# Visual Studio Version 17
VisualStudioVersion = 17.7.34202.233
MinimumVisualStudioVersion = 10.0.40219.1
Project("{FAE04EC0-301F-11D3-BF4B-00C04F79EFBC}") = "CourseWork1", "CourseWork1\CourseWork1.csproj", "{1AC2616D-6AB9-4D6F-91C1-F7FD1B5CF381}"
EndProject
Global
	GlobalSection(SolutionConfigurationPlatforms) = preSolution
		Debug|Any CPU = Debug|Any CPU
		Release|Any CPU = Release|Any CPU
	EndGlobalSection
	GlobalSection(ProjectConfigurationPlatforms) = postSolution
		{1AC2616D-6AB9-4D6F-91C1-F7FD1B5CF381}.Debug|Any CPU.ActiveCfg = Debug|Any CPU
		{1AC2616D-6AB9-4D6F-91C1-F7FD1B5CF381}.Debug|Any CPU.Build.0 = Debug|Any CPU
		{1AC2616D-6AB9-4D6F-91C1-F7FD1B5CF381}.Release|Any CPU.ActiveCfg = Release|Any CPU
		{1AC2616D-6AB9-4D6F-91C1-F7FD1B5CF381}.Release|Any CPU.Build.0 = Release|Any CPU
	EndGlobalSection
	GlobalSection(SolutionProperties) = preSolution
		HideSolutionNode = FALSE
	EndGlobalSection
	GlobalSection(ExtensibilityGlobals) = postSolution
		SolutionGuid = {082900F2-9A98-4F00-A2C9-CA95FEAD9FF5}
	EndGlobalSection
EndGlobal
